
Microsoft Visual Studio Solution File, Format Version 12.00
# Visual Studio Version 16
VisualStudioVersion = 16.0.30011.22
MinimumVisualStudioVersion = 10.0.40219.1
Project("{9A19103F-16F7-4668-BE54-9A1E7A4F7556}") = "Evidenta", "Evidenta\Evidenta.csproj", "{3C1D3B1A-2920-411A-83B6-8B2F1EBE2415}"
EndProject
Project("{FAE04EC0-301F-11D3-BF4B-00C04F79EFBC}") = "UnitTestProject1", "UnitTestProject1\UnitTestProject1.csproj", "{CE2EF541-696E-4041-8A44-7E1AC8062F2C}"
EndProject
Global
	GlobalSection(SolutionConfigurationPlatforms) = preSolution
		Debug|Any CPU = Debug|Any CPU
		Release|Any CPU = Release|Any CPU
	EndGlobalSection
	GlobalSection(ProjectConfigurationPlatforms) = postSolution
		{3C1D3B1A-2920-411A-83B6-8B2F1EBE2415}.Debug|Any CPU.ActiveCfg = Debug|Any CPU
		{3C1D3B1A-2920-411A-83B6-8B2F1EBE2415}.Debug|Any CPU.Build.0 = Debug|Any CPU
		{3C1D3B1A-2920-411A-83B6-8B2F1EBE2415}.Release|Any CPU.ActiveCfg = Release|Any CPU
		{3C1D3B1A-2920-411A-83B6-8B2F1EBE2415}.Release|Any CPU.Build.0 = Release|Any CPU
		{CE2EF541-696E-4041-8A44-7E1AC8062F2C}.Debug|Any CPU.ActiveCfg = Debug|Any CPU
		{CE2EF541-696E-4041-8A44-7E1AC8062F2C}.Debug|Any CPU.Build.0 = Debug|Any CPU
		{CE2EF541-696E-4041-8A44-7E1AC8062F2C}.Release|Any CPU.ActiveCfg = Release|Any CPU
		{CE2EF541-696E-4041-8A44-7E1AC8062F2C}.Release|Any CPU.Build.0 = Release|Any CPU
	EndGlobalSection
	GlobalSection(SolutionProperties) = preSolution
		HideSolutionNode = FALSE
	EndGlobalSection
	GlobalSection(ExtensibilityGlobals) = postSolution
		SolutionGuid = {E7469B0F-0D3F-4310-A587-A90A63A981E4}
	EndGlobalSection
EndGlobal
